
Microsoft Visual Studio Solution File, Format Version 12.00
# Visual Studio 15
VisualStudioVersion = 15.0.27004.2009
MinimumVisualStudioVersion = 10.0.40219.1
Project("{FAE04EC0-301F-11D3-BF4B-00C04F79EFBC}") = "QuizService", "QuizService\QuizService.csproj", "{E02A32CC-CC12-4443-AB62-229537EEE4D5}"
EndProject
Project("{E53339B2-1760-4266-BCC7-CA923CBCF16C}") = "docker-compose", "docker-compose.dcproj", "{DD6DF444-6D69-4567-9361-501D6C11D542}"
EndProject
Global
	GlobalSection(SolutionConfigurationPlatforms) = preSolution
		Debug|Any CPU = Debug|Any CPU
		Release|Any CPU = Release|Any CPU
	EndGlobalSection
	GlobalSection(ProjectConfigurationPlatforms) = postSolution
		{E02A32CC-CC12-4443-AB62-229537EEE4D5}.Debug|Any CPU.ActiveCfg = Debug|Any CPU
		{E02A32CC-CC12-4443-AB62-229537EEE4D5}.Debug|Any CPU.Build.0 = Debug|Any CPU
		{E02A32CC-CC12-4443-AB62-229537EEE4D5}.Release|Any CPU.ActiveCfg = Release|Any CPU
		{E02A32CC-CC12-4443-AB62-229537EEE4D5}.Release|Any CPU.Build.0 = Release|Any CPU
		{DD6DF444-6D69-4567-9361-501D6C11D542}.Debug|Any CPU.ActiveCfg = Debug|Any CPU
		{DD6DF444-6D69-4567-9361-501D6C11D542}.Debug|Any CPU.Build.0 = Debug|Any CPU
		{DD6DF444-6D69-4567-9361-501D6C11D542}.Release|Any CPU.ActiveCfg = Release|Any CPU
		{DD6DF444-6D69-4567-9361-501D6C11D542}.Release|Any CPU.Build.0 = Release|Any CPU
	EndGlobalSection
	GlobalSection(SolutionProperties) = preSolution
		HideSolutionNode = FALSE
	EndGlobalSection
	GlobalSection(ExtensibilityGlobals) = postSolution
		SolutionGuid = {2DC6DA4F-6BB9-484D-B439-EF6A42D8C0F3}
	EndGlobalSection
EndGlobal
